
Microsoft Visual Studio Solution File, Format Version 12.00
# Visual Studio Version 17
VisualStudioVersion = 17.5.002.0
MinimumVisualStudioVersion = 10.0.40219.1
Project("{9A19103F-16F7-4668-BE54-9A1E7A4F7556}") = "MiniChallenge_2-4_Endpoints_MVC", "MiniChallenge_2-4_Endpoints_MVC.csproj", "{0F974A0C-BFBC-4915-A39D-92C27956924C}"
EndProject
Global
	GlobalSection(SolutionConfigurationPlatforms) = preSolution
		Debug|Any CPU = Debug|Any CPU
		Release|Any CPU = Release|Any CPU
	EndGlobalSection
	GlobalSection(ProjectConfigurationPlatforms) = postSolution
		{0F974A0C-BFBC-4915-A39D-92C27956924C}.Debug|Any CPU.ActiveCfg = Debug|Any CPU
		{0F974A0C-BFBC-4915-A39D-92C27956924C}.Debug|Any CPU.Build.0 = Debug|Any CPU
		{0F974A0C-BFBC-4915-A39D-92C27956924C}.Release|Any CPU.ActiveCfg = Release|Any CPU
		{0F974A0C-BFBC-4915-A39D-92C27956924C}.Release|Any CPU.Build.0 = Release|Any CPU
	EndGlobalSection
	GlobalSection(SolutionProperties) = preSolution
		HideSolutionNode = FALSE
	EndGlobalSection
	GlobalSection(ExtensibilityGlobals) = postSolution
		SolutionGuid = {C59E0C30-88DC-4D55-98BF-2BCA12F2BD1B}
	EndGlobalSection
EndGlobal
